
Microsoft Visual Studio Solution File, Format Version 12.00
# Visual Studio Version 16
VisualStudioVersion = 16.0.28729.10
MinimumVisualStudioVersion = 10.0.40219.1
Project("{9A19103F-16F7-4668-BE54-9A1E7A4F7556}") = "Wisteria.Trie", "src\Wisteria.Trie\Wisteria.Trie.csproj", "{8FA2CBBD-7EE3-423A-BC80-D882361E4BC7}"
EndProject
Project("{9A19103F-16F7-4668-BE54-9A1E7A4F7556}") = "Wisteria.Trie.Tests", "test\Wisteria.Trie.Tests\Wisteria.Trie.Tests.csproj", "{241EA8F4-4931-46F9-9FF1-2F7801786E29}"
EndProject
Global
	GlobalSection(SolutionConfigurationPlatforms) = preSolution
		Debug|Any CPU = Debug|Any CPU
		Release|Any CPU = Release|Any CPU
	EndGlobalSection
	GlobalSection(ProjectConfigurationPlatforms) = postSolution
		{8FA2CBBD-7EE3-423A-BC80-D882361E4BC7}.Debug|Any CPU.ActiveCfg = Debug|Any CPU
		{8FA2CBBD-7EE3-423A-BC80-D882361E4BC7}.Debug|Any CPU.Build.0 = Debug|Any CPU
		{8FA2CBBD-7EE3-423A-BC80-D882361E4BC7}.Release|Any CPU.ActiveCfg = Release|Any CPU
		{8FA2CBBD-7EE3-423A-BC80-D882361E4BC7}.Release|Any CPU.Build.0 = Release|Any CPU
		{241EA8F4-4931-46F9-9FF1-2F7801786E29}.Debug|Any CPU.ActiveCfg = Debug|Any CPU
		{241EA8F4-4931-46F9-9FF1-2F7801786E29}.Debug|Any CPU.Build.0 = Debug|Any CPU
		{241EA8F4-4931-46F9-9FF1-2F7801786E29}.Release|Any CPU.ActiveCfg = Release|Any CPU
		{241EA8F4-4931-46F9-9FF1-2F7801786E29}.Release|Any CPU.Build.0 = Release|Any CPU
	EndGlobalSection
	GlobalSection(SolutionProperties) = preSolution
		HideSolutionNode = FALSE
	EndGlobalSection
	GlobalSection(ExtensibilityGlobals) = postSolution
		SolutionGuid = {601DFFBA-2EE7-45B0-ABCA-6DCD93B0804C}
	EndGlobalSection
EndGlobal
